
Microsoft Visual Studio Solution File, Format Version 12.00
# Visual Studio Version 17
VisualStudioVersion = 17.11.35303.130
MinimumVisualStudioVersion = 10.0.40219.1
Project("{FAE04EC0-301F-11D3-BF4B-00C04F79EFBC}") = "CSharpChallenges", "CSharpChallenges\CSharpChallenges.csproj", "{E0858B63-D62F-4BCC-86EC-C283D6DF5E06}"
EndProject
Project("{FAE04EC0-301F-11D3-BF4B-00C04F79EFBC}") = "HelloWorld", "HelloWorld\HelloWorld.csproj", "{3841F3AB-E60C-452C-9E02-E3989DB9313D}"
EndProject
Project("{FAE04EC0-301F-11D3-BF4B-00C04F79EFBC}") = "LearningPro", "LearningPro\LearningPro.csproj", "{3D8AD5DB-6866-44E8-924C-5747905E57B5}"
EndProject
Global
	GlobalSection(SolutionConfigurationPlatforms) = preSolution
		Debug|Any CPU = Debug|Any CPU
		Release|Any CPU = Release|Any CPU
	EndGlobalSection
	GlobalSection(ProjectConfigurationPlatforms) = postSolution
		{E0858B63-D62F-4BCC-86EC-C283D6DF5E06}.Debug|Any CPU.ActiveCfg = Debug|Any CPU
		{E0858B63-D62F-4BCC-86EC-C283D6DF5E06}.Debug|Any CPU.Build.0 = Debug|Any CPU
		{E0858B63-D62F-4BCC-86EC-C283D6DF5E06}.Release|Any CPU.ActiveCfg = Release|Any CPU
		{E0858B63-D62F-4BCC-86EC-C283D6DF5E06}.Release|Any CPU.Build.0 = Release|Any CPU
		{3841F3AB-E60C-452C-9E02-E3989DB9313D}.Debug|Any CPU.ActiveCfg = Debug|Any CPU
		{3841F3AB-E60C-452C-9E02-E3989DB9313D}.Debug|Any CPU.Build.0 = Debug|Any CPU
		{3841F3AB-E60C-452C-9E02-E3989DB9313D}.Release|Any CPU.ActiveCfg = Release|Any CPU
		{3841F3AB-E60C-452C-9E02-E3989DB9313D}.Release|Any CPU.Build.0 = Release|Any CPU
		{3D8AD5DB-6866-44E8-924C-5747905E57B5}.Debug|Any CPU.ActiveCfg = Debug|Any CPU
		{3D8AD5DB-6866-44E8-924C-5747905E57B5}.Debug|Any CPU.Build.0 = Debug|Any CPU
		{3D8AD5DB-6866-44E8-924C-5747905E57B5}.Release|Any CPU.ActiveCfg = Release|Any CPU
		{3D8AD5DB-6866-44E8-924C-5747905E57B5}.Release|Any CPU.Build.0 = Release|Any CPU
	EndGlobalSection
	GlobalSection(SolutionProperties) = preSolution
		HideSolutionNode = FALSE
	EndGlobalSection
	GlobalSection(ExtensibilityGlobals) = postSolution
		SolutionGuid = {06B88D7C-F641-4AA4-9FE5-B1468DDDFBA7}
	EndGlobalSection
EndGlobal
